
Microsoft Visual Studio Solution File, Format Version 12.00
# Visual Studio Version 16
VisualStudioVersion = 25.0.1705.2
MinimumVisualStudioVersion = 10.0.40219.1
Project("{FAE04EC0-301F-11D3-BF4B-00C04F79EFBC}") = "kimlik_projesi", "kimlik_projesi\kimlik_projesi.csproj", "{D72D45EA-CB02-4808-A3E1-1E65B80CDEE0}"
EndProject
Global
	GlobalSection(SolutionConfigurationPlatforms) = preSolution
		Debug|Any CPU = Debug|Any CPU
		Release|Any CPU = Release|Any CPU
	EndGlobalSection
	GlobalSection(ProjectConfigurationPlatforms) = postSolution
		{D72D45EA-CB02-4808-A3E1-1E65B80CDEE0}.Debug|Any CPU.ActiveCfg = Debug|Any CPU
		{D72D45EA-CB02-4808-A3E1-1E65B80CDEE0}.Debug|Any CPU.Build.0 = Debug|Any CPU
		{D72D45EA-CB02-4808-A3E1-1E65B80CDEE0}.Release|Any CPU.ActiveCfg = Release|Any CPU
		{D72D45EA-CB02-4808-A3E1-1E65B80CDEE0}.Release|Any CPU.Build.0 = Release|Any CPU
	EndGlobalSection
	GlobalSection(SolutionProperties) = preSolution
		HideSolutionNode = FALSE
	EndGlobalSection
	GlobalSection(ExtensibilityGlobals) = postSolution
		SolutionGuid = {E67D647C-E093-489C-80BB-0EB9E737FC98}
	EndGlobalSection
EndGlobal
