
Microsoft Visual Studio Solution File, Format Version 12.00
# Visual Studio Version 16
VisualStudioVersion = 25.0.1705.3
MinimumVisualStudioVersion = 10.0.40219.1
Project("{FAE04EC0-301F-11D3-BF4B-00C04F79EFBC}") = "sign in", "sign in\sign in.csproj", "{1DDADC6A-9862-4347-9BB7-E70A970F2A5C}"
EndProject
Global
	GlobalSection(SolutionConfigurationPlatforms) = preSolution
		Debug|Any CPU = Debug|Any CPU
		Release|Any CPU = Release|Any CPU
	EndGlobalSection
	GlobalSection(ProjectConfigurationPlatforms) = postSolution
		{1DDADC6A-9862-4347-9BB7-E70A970F2A5C}.Debug|Any CPU.ActiveCfg = Debug|Any CPU
		{1DDADC6A-9862-4347-9BB7-E70A970F2A5C}.Debug|Any CPU.Build.0 = Debug|Any CPU
		{1DDADC6A-9862-4347-9BB7-E70A970F2A5C}.Release|Any CPU.ActiveCfg = Release|Any CPU
		{1DDADC6A-9862-4347-9BB7-E70A970F2A5C}.Release|Any CPU.Build.0 = Release|Any CPU
	EndGlobalSection
	GlobalSection(SolutionProperties) = preSolution
		HideSolutionNode = FALSE
	EndGlobalSection
	GlobalSection(ExtensibilityGlobals) = postSolution
		SolutionGuid = {7112FED2-322E-4BE5-AAD0-26A8C572DD88}
	EndGlobalSection
EndGlobal
